{
    "version": 3,
    "terraform_version": "0.9.4",
    "serial": 5,
    "lineage": "7c7e4071-7dff-41dc-8c98-693f34a56cf0",
    "modules": [
        {
            "path": [
                "root"
            ],
            "outputs": {},
            "resources": {
                "aws_api_gateway_resource.sites": {
                    "type": "aws_api_gateway_resource",
                    "depends_on": [
                        "aws_api_gateway_rest_api.baiji-test"
                    ],
                    "primary": {
                        "id": "k1ikaw",
                        "attributes": {
                            "id": "k1ikaw",
                            "parent_id": "5o1u2254dl",
                            "path": "/sites",
                            "path_part": "sites",
                            "rest_api_id": "umxnc42ujb"
                        },
                        "meta": {},
                        "tainted": false
                    },
                    "deposed": [],
                    "provider": ""
                },
                "aws_api_gateway_rest_api.baiji-test": {
                    "type": "aws_api_gateway_rest_api",
                    "depends_on": [],
                    "primary": {
                        "id": "umxnc42ujb",
                        "attributes": {
                            "binary_media_types.#": "0",
                            "created_date": "2017-05-31T10:25:50Z",
                            "description": "This is the baiji test api",
                            "id": "umxnc42ujb",
                            "name": "baiji-test",
                            "root_resource_id": "5o1u2254dl"
                        },
                        "meta": {},
                        "tainted": false
                    },
                    "deposed": [],
                    "provider": ""
                }
            },
            "depends_on": []
        },
        {
            "path": [
                "root",
                "create_sites_api"
            ],
            "outputs": {},
            "resources": {
                "aws_api_gateway_integration.ResourceMethodIntegration": {
                    "type": "aws_api_gateway_integration",
                    "depends_on": [
                        "aws_api_gateway_method.ResourceMethod"
                    ],
                    "primary": {
                        "id": "agi-umxnc42ujb-k1ikaw-POST",
                        "attributes": {
                            "http_method": "POST",
                            "id": "agi-umxnc42ujb-k1ikaw-POST",
                            "integration_http_method": "POST",
                            "passthrough_behavior": "WHEN_NO_MATCH",
                            "request_parameters.%": "0",
                            "request_templates.%": "1",
                            "request_templates.application/json": "{}",
                            "resource_id": "k1ikaw",
                            "rest_api_id": "umxnc42ujb",
                            "type": "AWS",
                            "uri": "arn:aws:apigateway:ap-northeast-1:lambda:path/2015-03-31/functions/arn:aws:lambda:ap-northeast-1:889274615573:function:baiji-api_createsite/invocations"
                        },
                        "meta": {},
                        "tainted": false
                    },
                    "deposed": [],
                    "provider": ""
                },
                "aws_api_gateway_integration_response.ResourceMethodIntegration400": {
                    "type": "aws_api_gateway_integration_response",
                    "depends_on": [
                        "aws_api_gateway_method.ResourceMethod",
                        "aws_api_gateway_method_response.ResourceMethod400"
                    ],
                    "primary": {
                        "id": "agir-umxnc42ujb-k1ikaw-POST-400",
                        "attributes": {
                            "http_method": "POST",
                            "id": "agir-umxnc42ujb-k1ikaw-POST-400",
                            "resource_id": "k1ikaw",
                            "response_parameters.%": "1",
                            "response_parameters.method.response.header.Access-Control-Allow-Origin": "'*'",
                            "response_templates.%": "1",
                            "response_templates.application/json": "#set ($errorMessageObj = $util.parseJson($input.path('$.errorMessage')) {\n  \"message\" : \"$errorMessageObj.message\"\n}\n",
                            "rest_api_id": "umxnc42ujb",
                            "selection_pattern": "",
                            "status_code": "400"
                        },
                        "meta": {},
                        "tainted": false
                    },
                    "deposed": [],
                    "provider": ""
                },
                "aws_api_gateway_method.ResourceMethod": {
                    "type": "aws_api_gateway_method",
                    "depends_on": [],
                    "primary": {
                        "id": "agm-umxnc42ujb-k1ikaw-POST",
                        "attributes": {
                            "api_key_required": "false",
                            "authorization": "NONE",
                            "authorizer_id": "",
                            "http_method": "POST",
                            "id": "agm-umxnc42ujb-k1ikaw-POST",
                            "request_models.%": "1",
                            "request_models.application/json": "Empty",
                            "request_parameters.%": "0",
                            "resource_id": "k1ikaw",
                            "rest_api_id": "umxnc42ujb"
                        },
                        "meta": {},
                        "tainted": false
                    },
                    "deposed": [],
                    "provider": ""
                },
                "aws_api_gateway_method_response.ResourceMethod200": {
                    "type": "aws_api_gateway_method_response",
                    "depends_on": [
                        "aws_api_gateway_method.ResourceMethod"
                    ],
                    "primary": {
                        "id": "agmr-umxnc42ujb-k1ikaw-POST-200",
                        "attributes": {
                            "http_method": "POST",
                            "id": "agmr-umxnc42ujb-k1ikaw-POST-200",
                            "resource_id": "k1ikaw",
                            "response_models.%": "1",
                            "response_models.application/json": "Empty",
                            "response_parameters.%": "1",
                            "response_parameters.method.response.header.Access-Control-Allow-Origin": "true",
                            "rest_api_id": "umxnc42ujb",
                            "status_code": "200"
                        },
                        "meta": {},
                        "tainted": false
                    },
                    "deposed": [],
                    "provider": ""
                },
                "aws_api_gateway_method_response.ResourceMethod400": {
                    "type": "aws_api_gateway_method_response",
                    "depends_on": [
                        "aws_api_gateway_method.ResourceMethod"
                    ],
                    "primary": {
                        "id": "agmr-umxnc42ujb-k1ikaw-POST-400",
                        "attributes": {
                            "http_method": "POST",
                            "id": "agmr-umxnc42ujb-k1ikaw-POST-400",
                            "resource_id": "k1ikaw",
                            "response_models.%": "1",
                            "response_models.application/json": "Error",
                            "response_parameters.%": "1",
                            "response_parameters.method.response.header.Access-Control-Allow-Origin": "true",
                            "rest_api_id": "umxnc42ujb",
                            "status_code": "400"
                        },
                        "meta": {},
                        "tainted": false
                    },
                    "deposed": [],
                    "provider": ""
                }
            },
            "depends_on": []
        },
        {
            "path": [
                "root",
                "get_site_api"
            ],
            "outputs": {},
            "resources": {
                "aws_api_gateway_integration.ResourceMethodIntegration": {
                    "type": "aws_api_gateway_integration",
                    "depends_on": [
                        "aws_api_gateway_method.ResourceMethod"
                    ],
                    "primary": {
                        "id": "agi-umxnc42ujb-k1ikaw-GET",
                        "attributes": {
                            "http_method": "GET",
                            "id": "agi-umxnc42ujb-k1ikaw-GET",
                            "integration_http_method": "POST",
                            "passthrough_behavior": "WHEN_NO_MATCH",
                            "request_parameters.%": "0",
                            "request_templates.%": "1",
                            "request_templates.application/json": "{}",
                            "resource_id": "k1ikaw",
                            "rest_api_id": "umxnc42ujb",
                            "type": "AWS",
                            "uri": "arn:aws:apigateway:ap-northeast-1:lambda:path/2015-03-31/functions/arn:aws:lambda:ap-northeast-1:889274615573:function:baiji-api_getsites/invocations"
                        },
                        "meta": {},
                        "tainted": false
                    },
                    "deposed": [],
                    "provider": ""
                },
                "aws_api_gateway_integration_response.ResourceMethodIntegration400": {
                    "type": "aws_api_gateway_integration_response",
                    "depends_on": [
                        "aws_api_gateway_method.ResourceMethod",
                        "aws_api_gateway_method_response.ResourceMethod400"
                    ],
                    "primary": {
                        "id": "agir-umxnc42ujb-k1ikaw-GET-400",
                        "attributes": {
                            "http_method": "GET",
                            "id": "agir-umxnc42ujb-k1ikaw-GET-400",
                            "resource_id": "k1ikaw",
                            "response_parameters.%": "1",
                            "response_parameters.method.response.header.Access-Control-Allow-Origin": "'*'",
                            "response_templates.%": "1",
                            "response_templates.application/json": "#set ($errorMessageObj = $util.parseJson($input.path('$.errorMessage')) {\n  \"message\" : \"$errorMessageObj.message\"\n}\n",
                            "rest_api_id": "umxnc42ujb",
                            "selection_pattern": "",
                            "status_code": "400"
                        },
                        "meta": {},
                        "tainted": false
                    },
                    "deposed": [],
                    "provider": ""
                },
                "aws_api_gateway_method.ResourceMethod": {
                    "type": "aws_api_gateway_method",
                    "depends_on": [],
                    "primary": {
                        "id": "agm-umxnc42ujb-k1ikaw-GET",
                        "attributes": {
                            "api_key_required": "false",
                            "authorization": "NONE",
                            "authorizer_id": "",
                            "http_method": "GET",
                            "id": "agm-umxnc42ujb-k1ikaw-GET",
                            "request_models.%": "1",
                            "request_models.application/json": "Empty",
                            "request_parameters.%": "0",
                            "resource_id": "k1ikaw",
                            "rest_api_id": "umxnc42ujb"
                        },
                        "meta": {},
                        "tainted": false
                    },
                    "deposed": [],
                    "provider": ""
                },
                "aws_api_gateway_method_response.ResourceMethod200": {
                    "type": "aws_api_gateway_method_response",
                    "depends_on": [
                        "aws_api_gateway_method.ResourceMethod"
                    ],
                    "primary": {
                        "id": "agmr-umxnc42ujb-k1ikaw-GET-200",
                        "attributes": {
                            "http_method": "GET",
                            "id": "agmr-umxnc42ujb-k1ikaw-GET-200",
                            "resource_id": "k1ikaw",
                            "response_models.%": "1",
                            "response_models.application/json": "Empty",
                            "response_parameters.%": "1",
                            "response_parameters.method.response.header.Access-Control-Allow-Origin": "true",
                            "rest_api_id": "umxnc42ujb",
                            "status_code": "200"
                        },
                        "meta": {},
                        "tainted": false
                    },
                    "deposed": [],
                    "provider": ""
                },
                "aws_api_gateway_method_response.ResourceMethod400": {
                    "type": "aws_api_gateway_method_response",
                    "depends_on": [
                        "aws_api_gateway_method.ResourceMethod"
                    ],
                    "primary": {
                        "id": "agmr-umxnc42ujb-k1ikaw-GET-400",
                        "attributes": {
                            "http_method": "GET",
                            "id": "agmr-umxnc42ujb-k1ikaw-GET-400",
                            "resource_id": "k1ikaw",
                            "response_models.%": "1",
                            "response_models.application/json": "Error",
                            "response_parameters.%": "1",
                            "response_parameters.method.response.header.Access-Control-Allow-Origin": "true",
                            "rest_api_id": "umxnc42ujb",
                            "status_code": "400"
                        },
                        "meta": {},
                        "tainted": false
                    },
                    "deposed": [],
                    "provider": ""
                }
            },
            "depends_on": []
        },
        {
            "path": [
                "root",
                "get_sites_api"
            ],
            "outputs": {},
            "resources": {},
            "depends_on": []
        },
        {
            "path": [
                "root",
                "sites_table"
            ],
            "outputs": {},
            "resources": {
                "aws_dynamodb_table.basic-table": {
                    "type": "aws_dynamodb_table",
                    "depends_on": [],
                    "primary": {
                        "id": "sites",
                        "attributes": {
                            "arn": "arn:aws:dynamodb:ap-northeast-1:889274615573:table/sites",
                            "attribute.#": "1",
                            "attribute.143977035.name": "site_id",
                            "attribute.143977035.type": "S",
                            "global_secondary_index.#": "0",
                            "hash_key": "site_id",
                            "id": "sites",
                            "local_secondary_index.#": "0",
                            "name": "sites",
                            "read_capacity": "10",
                            "write_capacity": "10"
                        },
                        "meta": {
                            "schema_version": "1"
                        },
                        "tainted": false
                    },
                    "deposed": [],
                    "provider": ""
                }
            },
            "depends_on": []
        }
    ]
}
