{
    "version": 3,
    "terraform_version": "0.9.4",
    "serial": 12,
    "lineage": "7c7e4071-7dff-41dc-8c98-693f34a56cf0",
    "modules": [
        {
            "path": [
                "root"
            ],
            "outputs": {},
            "resources": {
                "aws_api_gateway_resource.site-by-id": {
                    "type": "aws_api_gateway_resource",
                    "depends_on": [
                        "aws_api_gateway_resource.sites",
                        "aws_api_gateway_rest_api.baiji-test"
                    ],
                    "primary": {
                        "id": "i42ie0",
                        "attributes": {
                            "id": "i42ie0",
                            "parent_id": "fvz69t",
                            "path": "/sites/{siteId}",
                            "path_part": "{siteId}",
                            "rest_api_id": "2vttz2p2xd"
                        },
                        "meta": {},
                        "tainted": false
                    },
                    "deposed": [],
                    "provider": ""
                },
                "aws_api_gateway_resource.sites": {
                    "type": "aws_api_gateway_resource",
                    "depends_on": [
                        "aws_api_gateway_rest_api.baiji-test"
                    ],
                    "primary": {
                        "id": "fvz69t",
                        "attributes": {
                            "id": "fvz69t",
                            "parent_id": "tetpu62cxh",
                            "path": "/sites",
                            "path_part": "sites",
                            "rest_api_id": "2vttz2p2xd"
                        },
                        "meta": {},
                        "tainted": false
                    },
                    "deposed": [],
                    "provider": ""
                },
                "aws_api_gateway_rest_api.baiji-test": {
                    "type": "aws_api_gateway_rest_api",
                    "depends_on": [],
                    "primary": {
                        "id": "2vttz2p2xd",
                        "attributes": {
                            "binary_media_types.#": "0",
                            "created_date": "2017-06-01T10:11:34Z",
                            "description": "This is the baiji test api",
                            "id": "2vttz2p2xd",
                            "name": "baiji-test",
                            "root_resource_id": "tetpu62cxh"
                        },
                        "meta": {},
                        "tainted": false
                    },
                    "deposed": [],
                    "provider": ""
                }
            },
            "depends_on": []
        },
        {
            "path": [
                "root",
                "create_sites_api"
            ],
            "outputs": {},
            "resources": {
                "aws_api_gateway_integration.ResourceMethodIntegration": {
                    "type": "aws_api_gateway_integration",
                    "depends_on": [
                        "aws_api_gateway_method.ResourceMethod"
                    ],
                    "primary": {
                        "id": "agi-2vttz2p2xd-fvz69t-POST",
                        "attributes": {
                            "http_method": "POST",
                            "id": "agi-2vttz2p2xd-fvz69t-POST",
                            "integration_http_method": "POST",
                            "passthrough_behavior": "WHEN_NO_MATCH",
                            "request_parameters.%": "0",
                            "request_templates.%": "1",
                            "request_templates.application/json": "{}",
                            "resource_id": "fvz69t",
                            "rest_api_id": "2vttz2p2xd",
                            "type": "AWS",
                            "uri": "arn:aws:apigateway:ap-northeast-1:lambda:path/2015-03-31/functions/arn:aws:lambda:ap-northeast-1:889274615573:function:baiji-api_createsite/invocations"
                        },
                        "meta": {},
                        "tainted": false
                    },
                    "deposed": [],
                    "provider": ""
                },
                "aws_api_gateway_integration_response.ResourceMethodIntegration200": {
                    "type": "aws_api_gateway_integration_response",
                    "depends_on": [
                        "aws_api_gateway_integration.ResourceMethodIntegration",
                        "aws_api_gateway_method.ResourceMethod",
                        "aws_api_gateway_method_response.ResourceMethod200"
                    ],
                    "primary": {
                        "id": "agir-2vttz2p2xd-fvz69t-POST-200",
                        "attributes": {
                            "http_method": "POST",
                            "id": "agir-2vttz2p2xd-fvz69t-POST-200",
                            "resource_id": "fvz69t",
                            "response_parameters.%": "1",
                            "response_parameters.method.response.header.Access-Control-Allow-Origin": "'*'",
                            "response_templates.%": "1",
                            "response_templates.application/json": "#set($inputRoot = $input.path('$')){}",
                            "rest_api_id": "2vttz2p2xd",
                            "selection_pattern": "",
                            "status_code": "200"
                        },
                        "meta": {},
                        "tainted": false
                    },
                    "deposed": [],
                    "provider": ""
                },
                "aws_api_gateway_integration_response.ResourceMethodIntegration404": {
                    "type": "aws_api_gateway_integration_response",
                    "depends_on": [
                        "aws_api_gateway_integration.ResourceMethodIntegration",
                        "aws_api_gateway_method.ResourceMethod",
                        "aws_api_gateway_method_response.ResourceMethod404"
                    ],
                    "primary": {
                        "id": "agir-2vttz2p2xd-fvz69t-POST-404",
                        "attributes": {
                            "http_method": "POST",
                            "id": "agir-2vttz2p2xd-fvz69t-POST-404",
                            "resource_id": "fvz69t",
                            "response_parameters.%": "1",
                            "response_parameters.method.response.header.Access-Control-Allow-Origin": "'*'",
                            "response_templates.%": "1",
                            "response_templates.application/json": "#set ($errorMessageObj = $util.parseJson($input.path('$.errorMessage')) {\n  \"message\" : \"$errorMessageObj.message\"\n}\n",
                            "rest_api_id": "2vttz2p2xd",
                            "selection_pattern": ".*\"NotFound\".*",
                            "status_code": "404"
                        },
                        "meta": {},
                        "tainted": false
                    },
                    "deposed": [],
                    "provider": ""
                },
                "aws_api_gateway_method.ResourceMethod": {
                    "type": "aws_api_gateway_method",
                    "depends_on": [],
                    "primary": {
                        "id": "agm-2vttz2p2xd-fvz69t-POST",
                        "attributes": {
                            "api_key_required": "false",
                            "authorization": "NONE",
                            "authorizer_id": "",
                            "http_method": "POST",
                            "id": "agm-2vttz2p2xd-fvz69t-POST",
                            "request_models.%": "1",
                            "request_models.application/json": "Empty",
                            "request_parameters.%": "0",
                            "resource_id": "fvz69t",
                            "rest_api_id": "2vttz2p2xd"
                        },
                        "meta": {},
                        "tainted": false
                    },
                    "deposed": [],
                    "provider": ""
                },
                "aws_api_gateway_method_response.ResourceMethod200": {
                    "type": "aws_api_gateway_method_response",
                    "depends_on": [
                        "aws_api_gateway_integration.ResourceMethodIntegration",
                        "aws_api_gateway_method.ResourceMethod"
                    ],
                    "primary": {
                        "id": "agmr-2vttz2p2xd-fvz69t-POST-200",
                        "attributes": {
                            "http_method": "POST",
                            "id": "agmr-2vttz2p2xd-fvz69t-POST-200",
                            "resource_id": "fvz69t",
                            "response_models.%": "1",
                            "response_models.application/json": "Empty",
                            "response_parameters.%": "1",
                            "response_parameters.method.response.header.Access-Control-Allow-Origin": "true",
                            "rest_api_id": "2vttz2p2xd",
                            "status_code": "200"
                        },
                        "meta": {},
                        "tainted": false
                    },
                    "deposed": [],
                    "provider": ""
                },
                "aws_api_gateway_method_response.ResourceMethod404": {
                    "type": "aws_api_gateway_method_response",
                    "depends_on": [
                        "aws_api_gateway_integration.ResourceMethodIntegration",
                        "aws_api_gateway_method.ResourceMethod"
                    ],
                    "primary": {
                        "id": "agmr-2vttz2p2xd-fvz69t-POST-404",
                        "attributes": {
                            "http_method": "POST",
                            "id": "agmr-2vttz2p2xd-fvz69t-POST-404",
                            "resource_id": "fvz69t",
                            "response_models.%": "1",
                            "response_models.application/json": "Error",
                            "response_parameters.%": "1",
                            "response_parameters.method.response.header.Access-Control-Allow-Origin": "true",
                            "rest_api_id": "2vttz2p2xd",
                            "status_code": "404"
                        },
                        "meta": {},
                        "tainted": false
                    },
                    "deposed": [],
                    "provider": ""
                }
            },
            "depends_on": []
        },
        {
            "path": [
                "root",
                "get_site_api"
            ],
            "outputs": {},
            "resources": {
                "aws_api_gateway_integration.ResourceMethodIntegration": {
                    "type": "aws_api_gateway_integration",
                    "depends_on": [
                        "aws_api_gateway_method.ResourceMethod"
                    ],
                    "primary": {
                        "id": "agi-2vttz2p2xd-i42ie0-GET",
                        "attributes": {
                            "http_method": "GET",
                            "id": "agi-2vttz2p2xd-i42ie0-GET",
                            "integration_http_method": "POST",
                            "passthrough_behavior": "WHEN_NO_MATCH",
                            "request_parameters.%": "0",
                            "request_templates.%": "1",
                            "request_templates.application/json": "{}",
                            "resource_id": "i42ie0",
                            "rest_api_id": "2vttz2p2xd",
                            "type": "AWS",
                            "uri": "arn:aws:apigateway:ap-northeast-1:lambda:path/2015-03-31/functions/arn:aws:lambda:ap-northeast-1:889274615573:function:baiji-api_getsites/invocations"
                        },
                        "meta": {},
                        "tainted": false
                    },
                    "deposed": [],
                    "provider": ""
                },
                "aws_api_gateway_integration_response.ResourceMethodIntegration200": {
                    "type": "aws_api_gateway_integration_response",
                    "depends_on": [
                        "aws_api_gateway_integration.ResourceMethodIntegration",
                        "aws_api_gateway_method.ResourceMethod",
                        "aws_api_gateway_method_response.ResourceMethod200"
                    ],
                    "primary": {
                        "id": "agir-2vttz2p2xd-i42ie0-GET-200",
                        "attributes": {
                            "http_method": "GET",
                            "id": "agir-2vttz2p2xd-i42ie0-GET-200",
                            "resource_id": "i42ie0",
                            "response_parameters.%": "1",
                            "response_parameters.method.response.header.Access-Control-Allow-Origin": "'*'",
                            "response_templates.%": "1",
                            "response_templates.application/json": "#set($inputRoot = $input.path('$')){}",
                            "rest_api_id": "2vttz2p2xd",
                            "selection_pattern": "",
                            "status_code": "200"
                        },
                        "meta": {},
                        "tainted": false
                    },
                    "deposed": [],
                    "provider": ""
                },
                "aws_api_gateway_integration_response.ResourceMethodIntegration404": {
                    "type": "aws_api_gateway_integration_response",
                    "depends_on": [
                        "aws_api_gateway_integration.ResourceMethodIntegration",
                        "aws_api_gateway_method.ResourceMethod",
                        "aws_api_gateway_method_response.ResourceMethod404"
                    ],
                    "primary": {
                        "id": "agir-2vttz2p2xd-i42ie0-GET-404",
                        "attributes": {
                            "http_method": "GET",
                            "id": "agir-2vttz2p2xd-i42ie0-GET-404",
                            "resource_id": "i42ie0",
                            "response_parameters.%": "1",
                            "response_parameters.method.response.header.Access-Control-Allow-Origin": "'*'",
                            "response_templates.%": "1",
                            "response_templates.application/json": "#set ($errorMessageObj = $util.parseJson($input.path('$.errorMessage')) {\n  \"message\" : \"$errorMessageObj.message\"\n}\n",
                            "rest_api_id": "2vttz2p2xd",
                            "selection_pattern": ".*\"NotFound\".*",
                            "status_code": "404"
                        },
                        "meta": {},
                        "tainted": false
                    },
                    "deposed": [],
                    "provider": ""
                },
                "aws_api_gateway_method.ResourceMethod": {
                    "type": "aws_api_gateway_method",
                    "depends_on": [],
                    "primary": {
                        "id": "agm-2vttz2p2xd-i42ie0-GET",
                        "attributes": {
                            "api_key_required": "false",
                            "authorization": "NONE",
                            "http_method": "GET",
                            "id": "agm-2vttz2p2xd-i42ie0-GET",
                            "request_models.%": "1",
                            "request_models.application/json": "Empty",
                            "resource_id": "i42ie0",
                            "rest_api_id": "2vttz2p2xd"
                        },
                        "meta": {},
                        "tainted": false
                    },
                    "deposed": [],
                    "provider": ""
                },
                "aws_api_gateway_method_response.ResourceMethod200": {
                    "type": "aws_api_gateway_method_response",
                    "depends_on": [
                        "aws_api_gateway_integration.ResourceMethodIntegration",
                        "aws_api_gateway_method.ResourceMethod"
                    ],
                    "primary": {
                        "id": "agmr-2vttz2p2xd-i42ie0-GET-200",
                        "attributes": {
                            "http_method": "GET",
                            "id": "agmr-2vttz2p2xd-i42ie0-GET-200",
                            "resource_id": "i42ie0",
                            "response_models.%": "1",
                            "response_models.application/json": "Empty",
                            "response_parameters.%": "1",
                            "response_parameters.method.response.header.Access-Control-Allow-Origin": "true",
                            "rest_api_id": "2vttz2p2xd",
                            "status_code": "200"
                        },
                        "meta": {},
                        "tainted": false
                    },
                    "deposed": [],
                    "provider": ""
                },
                "aws_api_gateway_method_response.ResourceMethod404": {
                    "type": "aws_api_gateway_method_response",
                    "depends_on": [
                        "aws_api_gateway_integration.ResourceMethodIntegration",
                        "aws_api_gateway_method.ResourceMethod"
                    ],
                    "primary": {
                        "id": "agmr-2vttz2p2xd-i42ie0-GET-404",
                        "attributes": {
                            "http_method": "GET",
                            "id": "agmr-2vttz2p2xd-i42ie0-GET-404",
                            "resource_id": "i42ie0",
                            "response_models.%": "1",
                            "response_models.application/json": "Error",
                            "response_parameters.%": "1",
                            "response_parameters.method.response.header.Access-Control-Allow-Origin": "true",
                            "rest_api_id": "2vttz2p2xd",
                            "status_code": "404"
                        },
                        "meta": {},
                        "tainted": false
                    },
                    "deposed": [],
                    "provider": ""
                }
            },
            "depends_on": []
        },
        {
            "path": [
                "root",
                "get_sites_api"
            ],
            "outputs": {},
            "resources": {
                "aws_api_gateway_integration.ResourceMethodIntegration": {
                    "type": "aws_api_gateway_integration",
                    "depends_on": [
                        "aws_api_gateway_method.ResourceMethod"
                    ],
                    "primary": {
                        "id": "agi-2vttz2p2xd-fvz69t-GET",
                        "attributes": {
                            "http_method": "GET",
                            "id": "agi-2vttz2p2xd-fvz69t-GET",
                            "integration_http_method": "POST",
                            "passthrough_behavior": "WHEN_NO_MATCH",
                            "request_parameters.%": "0",
                            "request_templates.%": "1",
                            "request_templates.application/json": "{}",
                            "resource_id": "fvz69t",
                            "rest_api_id": "2vttz2p2xd",
                            "type": "AWS",
                            "uri": "arn:aws:apigateway:ap-northeast-1:lambda:path/2015-03-31/functions/arn:aws:lambda:ap-northeast-1:889274615573:function:baiji-api_getsites/invocations"
                        },
                        "meta": {},
                        "tainted": false
                    },
                    "deposed": [],
                    "provider": ""
                },
                "aws_api_gateway_integration_response.ResourceMethodIntegration200": {
                    "type": "aws_api_gateway_integration_response",
                    "depends_on": [
                        "aws_api_gateway_integration.ResourceMethodIntegration",
                        "aws_api_gateway_method.ResourceMethod",
                        "aws_api_gateway_method_response.ResourceMethod200"
                    ],
                    "primary": {
                        "id": "agir-2vttz2p2xd-fvz69t-GET-200",
                        "attributes": {
                            "http_method": "GET",
                            "id": "agir-2vttz2p2xd-fvz69t-GET-200",
                            "resource_id": "fvz69t",
                            "response_parameters.%": "1",
                            "response_parameters.method.response.header.Access-Control-Allow-Origin": "'*'",
                            "response_templates.%": "1",
                            "response_templates.application/json": "",
                            "rest_api_id": "2vttz2p2xd",
                            "selection_pattern": "",
                            "status_code": "200"
                        },
                        "meta": {},
                        "tainted": false
                    },
                    "deposed": [],
                    "provider": ""
                },
                "aws_api_gateway_integration_response.ResourceMethodIntegration404": {
                    "type": "aws_api_gateway_integration_response",
                    "depends_on": [
                        "aws_api_gateway_integration.ResourceMethodIntegration",
                        "aws_api_gateway_method.ResourceMethod",
                        "aws_api_gateway_method_response.ResourceMethod404"
                    ],
                    "primary": {
                        "id": "agir-2vttz2p2xd-fvz69t-GET-404",
                        "attributes": {
                            "http_method": "GET",
                            "id": "agir-2vttz2p2xd-fvz69t-GET-404",
                            "resource_id": "fvz69t",
                            "response_parameters.%": "1",
                            "response_parameters.method.response.header.Access-Control-Allow-Origin": "'*'",
                            "response_templates.%": "1",
                            "response_templates.application/json": "#set ($errorMessageObj = $util.parseJson($input.path('$.errorMessage')) {\n  \"message\" : \"$errorMessageObj.message\"\n}\n",
                            "rest_api_id": "2vttz2p2xd",
                            "selection_pattern": ".*\"NotFound\".*",
                            "status_code": "404"
                        },
                        "meta": {},
                        "tainted": false
                    },
                    "deposed": [],
                    "provider": ""
                },
                "aws_api_gateway_method.ResourceMethod": {
                    "type": "aws_api_gateway_method",
                    "depends_on": [],
                    "primary": {
                        "id": "agm-2vttz2p2xd-fvz69t-GET",
                        "attributes": {
                            "api_key_required": "false",
                            "authorization": "NONE",
                            "authorizer_id": "",
                            "http_method": "GET",
                            "id": "agm-2vttz2p2xd-fvz69t-GET",
                            "request_models.%": "1",
                            "request_models.application/json": "Empty",
                            "request_parameters.%": "0",
                            "resource_id": "fvz69t",
                            "rest_api_id": "2vttz2p2xd"
                        },
                        "meta": {},
                        "tainted": false
                    },
                    "deposed": [],
                    "provider": ""
                },
                "aws_api_gateway_method_response.ResourceMethod200": {
                    "type": "aws_api_gateway_method_response",
                    "depends_on": [
                        "aws_api_gateway_integration.ResourceMethodIntegration",
                        "aws_api_gateway_method.ResourceMethod"
                    ],
                    "primary": {
                        "id": "agmr-2vttz2p2xd-fvz69t-GET-200",
                        "attributes": {
                            "http_method": "GET",
                            "id": "agmr-2vttz2p2xd-fvz69t-GET-200",
                            "resource_id": "fvz69t",
                            "response_models.%": "1",
                            "response_models.application/json": "Empty",
                            "response_parameters.%": "1",
                            "response_parameters.method.response.header.Access-Control-Allow-Origin": "true",
                            "rest_api_id": "2vttz2p2xd",
                            "status_code": "200"
                        },
                        "meta": {},
                        "tainted": false
                    },
                    "deposed": [],
                    "provider": ""
                },
                "aws_api_gateway_method_response.ResourceMethod404": {
                    "type": "aws_api_gateway_method_response",
                    "depends_on": [
                        "aws_api_gateway_integration.ResourceMethodIntegration",
                        "aws_api_gateway_method.ResourceMethod"
                    ],
                    "primary": {
                        "id": "agmr-2vttz2p2xd-fvz69t-GET-404",
                        "attributes": {
                            "http_method": "GET",
                            "id": "agmr-2vttz2p2xd-fvz69t-GET-404",
                            "resource_id": "fvz69t",
                            "response_models.%": "1",
                            "response_models.application/json": "Error",
                            "response_parameters.%": "1",
                            "response_parameters.method.response.header.Access-Control-Allow-Origin": "true",
                            "rest_api_id": "2vttz2p2xd",
                            "status_code": "404"
                        },
                        "meta": {},
                        "tainted": false
                    },
                    "deposed": [],
                    "provider": ""
                }
            },
            "depends_on": []
        },
        {
            "path": [
                "root",
                "sites_table"
            ],
            "outputs": {},
            "resources": {
                "aws_dynamodb_table.basic-table": {
                    "type": "aws_dynamodb_table",
                    "depends_on": [],
                    "primary": {
                        "id": "sites",
                        "attributes": {
                            "arn": "arn:aws:dynamodb:ap-northeast-1:889274615573:table/sites",
                            "attribute.#": "1",
                            "attribute.143977035.name": "site_id",
                            "attribute.143977035.type": "S",
                            "global_secondary_index.#": "0",
                            "hash_key": "site_id",
                            "id": "sites",
                            "local_secondary_index.#": "0",
                            "name": "sites",
                            "read_capacity": "10",
                            "write_capacity": "10"
                        },
                        "meta": {
                            "schema_version": "1"
                        },
                        "tainted": false
                    },
                    "deposed": [],
                    "provider": ""
                }
            },
            "depends_on": []
        }
    ]
}
